
Microsoft Visual Studio Solution File, Format Version 12.00
# Visual Studio Version 16
VisualStudioVersion = 16.0.29926.136
MinimumVisualStudioVersion = 10.0.40219.1
Project("{FAE04EC0-301F-11D3-BF4B-00C04F79EFBC}") = "GrpcGreeter", "GrpcGreeter.csproj", "{ABED6025-631B-443A-8671-BDE6A02429EA}"
EndProject
Global
	GlobalSection(SolutionConfigurationPlatforms) = preSolution
		Debug|Any CPU = Debug|Any CPU
		Release|Any CPU = Release|Any CPU
	EndGlobalSection
	GlobalSection(ProjectConfigurationPlatforms) = postSolution
		{ABED6025-631B-443A-8671-BDE6A02429EA}.Debug|Any CPU.ActiveCfg = Debug|Any CPU
		{ABED6025-631B-443A-8671-BDE6A02429EA}.Debug|Any CPU.Build.0 = Debug|Any CPU
		{ABED6025-631B-443A-8671-BDE6A02429EA}.Release|Any CPU.ActiveCfg = Release|Any CPU
		{ABED6025-631B-443A-8671-BDE6A02429EA}.Release|Any CPU.Build.0 = Release|Any CPU
	EndGlobalSection
	GlobalSection(SolutionProperties) = preSolution
		HideSolutionNode = FALSE
	EndGlobalSection
	GlobalSection(ExtensibilityGlobals) = postSolution
		SolutionGuid = {0B6C11A6-2253-48DD-B355-8C5F34F0C7AA}
	EndGlobalSection
EndGlobal
